
Microsoft Visual Studio Solution File, Format Version 12.00
# Visual Studio Version 17
VisualStudioVersion = 17.5.33414.496
MinimumVisualStudioVersion = 10.0.40219.1
Project("{FAE04EC0-301F-11D3-BF4B-00C04F79EFBC}") = "CurrencyConverter_WPF", "CurrencyConverter_WPF\CurrencyConverter_WPF.csproj", "{12E18618-33E4-432C-A6B6-0209B3795BEF}"
EndProject
Global
	GlobalSection(SolutionConfigurationPlatforms) = preSolution
		Debug|Any CPU = Debug|Any CPU
		Release|Any CPU = Release|Any CPU
	EndGlobalSection
	GlobalSection(ProjectConfigurationPlatforms) = postSolution
		{12E18618-33E4-432C-A6B6-0209B3795BEF}.Debug|Any CPU.ActiveCfg = Debug|Any CPU
		{12E18618-33E4-432C-A6B6-0209B3795BEF}.Debug|Any CPU.Build.0 = Debug|Any CPU
		{12E18618-33E4-432C-A6B6-0209B3795BEF}.Release|Any CPU.ActiveCfg = Release|Any CPU
		{12E18618-33E4-432C-A6B6-0209B3795BEF}.Release|Any CPU.Build.0 = Release|Any CPU
	EndGlobalSection
	GlobalSection(SolutionProperties) = preSolution
		HideSolutionNode = FALSE
	EndGlobalSection
	GlobalSection(ExtensibilityGlobals) = postSolution
		SolutionGuid = {245479C2-9717-411B-B4AF-4A98410C3DDF}
	EndGlobalSection
EndGlobal
